
Microsoft Visual Studio Solution File, Format Version 12.00
# Visual Studio 2013
VisualStudioVersion = 12.0.31101.0
MinimumVisualStudioVersion = 10.0.40219.1
Project("{FAE04EC0-301F-11D3-BF4B-00C04F79EFBC}") = "AngularJS", "AngularJS\AngularJS.csproj", "{5B9C007F-583B-404D-948B-3C405B629FDF}"
EndProject
Project("{FAE04EC0-301F-11D3-BF4B-00C04F79EFBC}") = "AngularJSClient", "AngularJSClient\AngularJSClient.csproj", "{F9EE75F6-66DD-4076-B2A1-FC360DD564C0}"
EndProject
Global
	GlobalSection(SolutionConfigurationPlatforms) = preSolution
		Debug|Any CPU = Debug|Any CPU
		Release|Any CPU = Release|Any CPU
	EndGlobalSection
	GlobalSection(ProjectConfigurationPlatforms) = postSolution
		{5B9C007F-583B-404D-948B-3C405B629FDF}.Debug|Any CPU.ActiveCfg = Debug|Any CPU
		{5B9C007F-583B-404D-948B-3C405B629FDF}.Debug|Any CPU.Build.0 = Debug|Any CPU
		{5B9C007F-583B-404D-948B-3C405B629FDF}.Release|Any CPU.ActiveCfg = Release|Any CPU
		{5B9C007F-583B-404D-948B-3C405B629FDF}.Release|Any CPU.Build.0 = Release|Any CPU
		{F9EE75F6-66DD-4076-B2A1-FC360DD564C0}.Debug|Any CPU.ActiveCfg = Debug|Any CPU
		{F9EE75F6-66DD-4076-B2A1-FC360DD564C0}.Debug|Any CPU.Build.0 = Debug|Any CPU
		{F9EE75F6-66DD-4076-B2A1-FC360DD564C0}.Release|Any CPU.ActiveCfg = Release|Any CPU
		{F9EE75F6-66DD-4076-B2A1-FC360DD564C0}.Release|Any CPU.Build.0 = Release|Any CPU
	EndGlobalSection
	GlobalSection(SolutionProperties) = preSolution
		HideSolutionNode = FALSE
	EndGlobalSection
EndGlobal
